
Microsoft Visual Studio Solution File, Format Version 12.00
# Visual Studio Version 17
VisualStudioVersion = 17.11.35312.102
MinimumVisualStudioVersion = 10.0.40219.1
Project("{2150E333-8FDC-42A3-9474-1A3956D46DE8}") = "Services", "Services", "{ECD3E996-848D-4CD3-9A53-8B4F62E85B8E}"
EndProject
Project("{2150E333-8FDC-42A3-9474-1A3956D46DE8}") = "Product", "Product", "{CA4D4D7D-1A5C-48C8-AFB2-B6F470179F92}"
EndProject
Project("{2150E333-8FDC-42A3-9474-1A3956D46DE8}") = "src", "src", "{52822B2F-1A9B-48EC-9312-F8D791D269D8}"
EndProject
Project("{9A19103F-16F7-4668-BE54-9A1E7A4F7556}") = "Core", "Core\Core.csproj", "{F7282CFA-A2C1-40B2-BFF1-8384AA58C8B9}"
EndProject
Project("{9A19103F-16F7-4668-BE54-9A1E7A4F7556}") = "Product.Infrastructure", "Product.Infrastructure\Product.Infrastructure.csproj", "{90A35664-8FC9-43B7-B825-DB61E2CAB300}"
EndProject
Project("{9A19103F-16F7-4668-BE54-9A1E7A4F7556}") = "Product.Application", "Product.Application\Product.Application.csproj", "{41DC97B3-E58D-47D1-909A-EE9BD3DE7812}"
EndProject
Project("{9A19103F-16F7-4668-BE54-9A1E7A4F7556}") = "Product.Presentation", "Product.Presentation\Product.Presentation.csproj", "{59C30193-92AA-4848-8318-5D1A07326F65}"
EndProject
Project("{2150E333-8FDC-42A3-9474-1A3956D46DE8}") = "Customer", "Customer", "{EEF90325-066C-421D-A401-0BEC6B920C01}"
EndProject
Project("{2150E333-8FDC-42A3-9474-1A3956D46DE8}") = "src", "src", "{F85F1827-535B-441E-A93A-B11F13AFD111}"
EndProject
Project("{9A19103F-16F7-4668-BE54-9A1E7A4F7556}") = "Customer.Core", "Customer.Core\Customer.Core.csproj", "{CD208FA8-E223-4416-8D5D-EBA96999E9D2}"
EndProject
Project("{9A19103F-16F7-4668-BE54-9A1E7A4F7556}") = "Customer.Application", "Customer.Application\Customer.Application.csproj", "{CF3F96B8-85B6-4FD7-AA2A-A11CA02871B0}"
EndProject
Project("{9A19103F-16F7-4668-BE54-9A1E7A4F7556}") = "Customer.Infrastructure", "Customer.Infrastructure\Customer.Infrastructure.csproj", "{A0C0FADE-B679-466A-8DF4-F2E120F1119A}"
EndProject
Project("{FAE04EC0-301F-11D3-BF4B-00C04F79EFBC}") = "Customer.Presentation", "Customer.Presentation\Customer.Presentation.csproj", "{06959D5D-2892-4206-B08E-31F3898F2BA3}"
EndProject
Global
	GlobalSection(SolutionConfigurationPlatforms) = preSolution
		Debug|Any CPU = Debug|Any CPU
		Release|Any CPU = Release|Any CPU
	EndGlobalSection
	GlobalSection(ProjectConfigurationPlatforms) = postSolution
		{F7282CFA-A2C1-40B2-BFF1-8384AA58C8B9}.Debug|Any CPU.ActiveCfg = Debug|Any CPU
		{F7282CFA-A2C1-40B2-BFF1-8384AA58C8B9}.Debug|Any CPU.Build.0 = Debug|Any CPU
		{F7282CFA-A2C1-40B2-BFF1-8384AA58C8B9}.Release|Any CPU.ActiveCfg = Release|Any CPU
		{F7282CFA-A2C1-40B2-BFF1-8384AA58C8B9}.Release|Any CPU.Build.0 = Release|Any CPU
		{90A35664-8FC9-43B7-B825-DB61E2CAB300}.Debug|Any CPU.ActiveCfg = Debug|Any CPU
		{90A35664-8FC9-43B7-B825-DB61E2CAB300}.Debug|Any CPU.Build.0 = Debug|Any CPU
		{90A35664-8FC9-43B7-B825-DB61E2CAB300}.Release|Any CPU.ActiveCfg = Release|Any CPU
		{90A35664-8FC9-43B7-B825-DB61E2CAB300}.Release|Any CPU.Build.0 = Release|Any CPU
		{41DC97B3-E58D-47D1-909A-EE9BD3DE7812}.Debug|Any CPU.ActiveCfg = Debug|Any CPU
		{41DC97B3-E58D-47D1-909A-EE9BD3DE7812}.Debug|Any CPU.Build.0 = Debug|Any CPU
		{41DC97B3-E58D-47D1-909A-EE9BD3DE7812}.Release|Any CPU.ActiveCfg = Release|Any CPU
		{41DC97B3-E58D-47D1-909A-EE9BD3DE7812}.Release|Any CPU.Build.0 = Release|Any CPU
		{59C30193-92AA-4848-8318-5D1A07326F65}.Debug|Any CPU.ActiveCfg = Debug|Any CPU
		{59C30193-92AA-4848-8318-5D1A07326F65}.Debug|Any CPU.Build.0 = Debug|Any CPU
		{59C30193-92AA-4848-8318-5D1A07326F65}.Release|Any CPU.ActiveCfg = Release|Any CPU
		{59C30193-92AA-4848-8318-5D1A07326F65}.Release|Any CPU.Build.0 = Release|Any CPU
		{CD208FA8-E223-4416-8D5D-EBA96999E9D2}.Debug|Any CPU.ActiveCfg = Debug|Any CPU
		{CD208FA8-E223-4416-8D5D-EBA96999E9D2}.Debug|Any CPU.Build.0 = Debug|Any CPU
		{CD208FA8-E223-4416-8D5D-EBA96999E9D2}.Release|Any CPU.ActiveCfg = Release|Any CPU
		{CD208FA8-E223-4416-8D5D-EBA96999E9D2}.Release|Any CPU.Build.0 = Release|Any CPU
		{CF3F96B8-85B6-4FD7-AA2A-A11CA02871B0}.Debug|Any CPU.ActiveCfg = Debug|Any CPU
		{CF3F96B8-85B6-4FD7-AA2A-A11CA02871B0}.Debug|Any CPU.Build.0 = Debug|Any CPU
		{CF3F96B8-85B6-4FD7-AA2A-A11CA02871B0}.Release|Any CPU.ActiveCfg = Release|Any CPU
		{CF3F96B8-85B6-4FD7-AA2A-A11CA02871B0}.Release|Any CPU.Build.0 = Release|Any CPU
		{A0C0FADE-B679-466A-8DF4-F2E120F1119A}.Debug|Any CPU.ActiveCfg = Debug|Any CPU
		{A0C0FADE-B679-466A-8DF4-F2E120F1119A}.Debug|Any CPU.Build.0 = Debug|Any CPU
		{A0C0FADE-B679-466A-8DF4-F2E120F1119A}.Release|Any CPU.ActiveCfg = Release|Any CPU
		{A0C0FADE-B679-466A-8DF4-F2E120F1119A}.Release|Any CPU.Build.0 = Release|Any CPU
		{06959D5D-2892-4206-B08E-31F3898F2BA3}.Debug|Any CPU.ActiveCfg = Debug|Any CPU
		{06959D5D-2892-4206-B08E-31F3898F2BA3}.Debug|Any CPU.Build.0 = Debug|Any CPU
		{06959D5D-2892-4206-B08E-31F3898F2BA3}.Release|Any CPU.ActiveCfg = Release|Any CPU
		{06959D5D-2892-4206-B08E-31F3898F2BA3}.Release|Any CPU.Build.0 = Release|Any CPU
	EndGlobalSection
	GlobalSection(SolutionProperties) = preSolution
		HideSolutionNode = FALSE
	EndGlobalSection
	GlobalSection(NestedProjects) = preSolution
		{CA4D4D7D-1A5C-48C8-AFB2-B6F470179F92} = {ECD3E996-848D-4CD3-9A53-8B4F62E85B8E}
		{52822B2F-1A9B-48EC-9312-F8D791D269D8} = {CA4D4D7D-1A5C-48C8-AFB2-B6F470179F92}
		{F7282CFA-A2C1-40B2-BFF1-8384AA58C8B9} = {52822B2F-1A9B-48EC-9312-F8D791D269D8}
		{90A35664-8FC9-43B7-B825-DB61E2CAB300} = {52822B2F-1A9B-48EC-9312-F8D791D269D8}
		{41DC97B3-E58D-47D1-909A-EE9BD3DE7812} = {52822B2F-1A9B-48EC-9312-F8D791D269D8}
		{59C30193-92AA-4848-8318-5D1A07326F65} = {52822B2F-1A9B-48EC-9312-F8D791D269D8}
		{EEF90325-066C-421D-A401-0BEC6B920C01} = {ECD3E996-848D-4CD3-9A53-8B4F62E85B8E}
		{F85F1827-535B-441E-A93A-B11F13AFD111} = {EEF90325-066C-421D-A401-0BEC6B920C01}
		{CD208FA8-E223-4416-8D5D-EBA96999E9D2} = {F85F1827-535B-441E-A93A-B11F13AFD111}
		{CF3F96B8-85B6-4FD7-AA2A-A11CA02871B0} = {F85F1827-535B-441E-A93A-B11F13AFD111}
		{A0C0FADE-B679-466A-8DF4-F2E120F1119A} = {F85F1827-535B-441E-A93A-B11F13AFD111}
		{06959D5D-2892-4206-B08E-31F3898F2BA3} = {F85F1827-535B-441E-A93A-B11F13AFD111}
	EndGlobalSection
	GlobalSection(ExtensibilityGlobals) = postSolution
		SolutionGuid = {376EF199-612E-49EA-A29B-0812A0FDD6B0}
	EndGlobalSection
EndGlobal
